
Microsoft Visual Studio Solution File, Format Version 12.00
# Visual Studio Version 16
VisualStudioVersion = 16.0.31911.196
MinimumVisualStudioVersion = 10.0.40219.1
Project("{FAE04EC0-301F-11D3-BF4B-00C04F79EFBC}") = "WpfApp1", "WpfApp1\WpfApp1.csproj", "{73E6245A-6389-43AB-A969-5D063DBD1198}"
EndProject
Global
	GlobalSection(SolutionConfigurationPlatforms) = preSolution
		Debug|Any CPU = Debug|Any CPU
		Release|Any CPU = Release|Any CPU
	EndGlobalSection
	GlobalSection(ProjectConfigurationPlatforms) = postSolution
		{73E6245A-6389-43AB-A969-5D063DBD1198}.Debug|Any CPU.ActiveCfg = Debug|Any CPU
		{73E6245A-6389-43AB-A969-5D063DBD1198}.Debug|Any CPU.Build.0 = Debug|Any CPU
		{73E6245A-6389-43AB-A969-5D063DBD1198}.Release|Any CPU.ActiveCfg = Release|Any CPU
		{73E6245A-6389-43AB-A969-5D063DBD1198}.Release|Any CPU.Build.0 = Release|Any CPU
	EndGlobalSection
	GlobalSection(SolutionProperties) = preSolution
		HideSolutionNode = FALSE
	EndGlobalSection
	GlobalSection(ExtensibilityGlobals) = postSolution
		SolutionGuid = {A34F18C9-0238-43CE-A9DB-5156B5478D25}
	EndGlobalSection
EndGlobal
